// !$*UTF8*$!
{
	archiveVersion = 1;
	classes = {
	};
	objectVersion = 46;
	objects = {

/* Begin PBXBuildFile section */
		802495D227A254D400BA381D /* libxcb-render.0.dylib in Frameworks */ = {isa = PBXBuildFile; fileRef = 802495B427A254D400BA381D /* libxcb-render.0.dylib */; };
		802495D327A254D400BA381D /* libXau.6.dylib in Frameworks */ = {isa = PBXBuildFile; fileRef = 802495B527A254D400BA381D /* libXau.6.dylib */; };
		802495D427A254D400BA381D /* libfribidi.0.dylib in Frameworks */ = {isa = PBXBuildFile; fileRef = 802495B627A254D400BA381D /* libfribidi.0.dylib */; };
		802495D527A254D400BA381D /* librsvg-2.2.dylib in Frameworks */ = {isa = PBXBuildFile; fileRef = 802495B727A254D400BA381D /* librsvg-2.2.dylib */; };
		802495D627A254D400BA381D /* libgobject-2.0.0.dylib in Frameworks */ = {isa = PBXBuildFile; fileRef = 802495B827A254D400BA381D /* libgobject-2.0.0.dylib */; };
		802495D727A254D400BA381D /* libpcre.1.dylib in Frameworks */ = {isa = PBXBuildFile; fileRef = 802495B927A254D400BA381D /* libpcre.1.dylib */; };
		802495D827A254D400BA381D /* libpng16.16.dylib in Frameworks */ = {isa = PBXBuildFile; fileRef = 802495BA27A254D400BA381D /* libpng16.16.dylib */; };
		802495D927A254D400BA381D /* libxcb-shm.0.dylib in Frameworks */ = {isa = PBXBuildFile; fileRef = 802495BB27A254D400BA381D /* libxcb-shm.0.dylib */; };
		802495DA27A254D400BA381D /* libXext.6.dylib in Frameworks */ = {isa = PBXBuildFile; fileRef = 802495BC27A254D400BA381D /* libXext.6.dylib */; };
		802495DB27A254D400BA381D /* libcairo.2.dylib in Frameworks */ = {isa = PBXBuildFile; fileRef = 802495BD27A254D400BA381D /* libcairo.2.dylib */; };
		802495DC27A254D400BA381D /* libpango-1.0.0.dylib in Frameworks */ = {isa = PBXBuildFile; fileRef = 802495BE27A254D400BA381D /* libpango-1.0.0.dylib */; };
		802495DD27A254D400BA381D /* libfreetype.6.dylib in Frameworks */ = {isa = PBXBuildFile; fileRef = 802495BF27A254D400BA381D /* libfreetype.6.dylib */; };
		802495DE27A254D400BA381D /* libfontconfig.1.dylib in Frameworks */ = {isa = PBXBuildFile; fileRef = 802495C027A254D400BA381D /* libfontconfig.1.dylib */; };
		802495DF27A254D400BA381D /* libgmodule-2.0.0.dylib in Frameworks */ = {isa = PBXBuildFile; fileRef = 802495C127A254D400BA381D /* libgmodule-2.0.0.dylib */; };
		802495E027A254D400BA381D /* libXrender.1.dylib in Frameworks */ = {isa = PBXBuildFile; fileRef = 802495C227A254D400BA381D /* libXrender.1.dylib */; };
		802495E127A254D400BA381D /* libpangocairo-1.0.0.dylib in Frameworks */ = {isa = PBXBuildFile; fileRef = 802495C327A254D400BA381D /* libpangocairo-1.0.0.dylib */; };
		802495E227A254D400BA381D /* libgraphite2.3.dylib in Frameworks */ = {isa = PBXBuildFile; fileRef = 802495C427A254D400BA381D /* libgraphite2.3.dylib */; };
		802495E327A254D400BA381D /* libgio-2.0.0.dylib in Frameworks */ = {isa = PBXBuildFile; fileRef = 802495C527A254D400BA381D /* libgio-2.0.0.dylib */; };
		802495E427A254D400BA381D /* libffi.8.dylib in Frameworks */ = {isa = PBXBuildFile; fileRef = 802495C627A254D400BA381D /* libffi.8.dylib */; };
		802495E527A254D400BA381D /* libcairo-gobject.2.dylib in Frameworks */ = {isa = PBXBuildFile; fileRef = 802495C727A254D400BA381D /* libcairo-gobject.2.dylib */; };
		802495E627A254D400BA381D /* libX11.6.dylib in Frameworks */ = {isa = PBXBuildFile; fileRef = 802495C827A254D400BA381D /* libX11.6.dylib */; };
		802495E727A254D400BA381D /* libglib-2.0.0.dylib in Frameworks */ = {isa = PBXBuildFile; fileRef = 802495C927A254D400BA381D /* libglib-2.0.0.dylib */; };
		802495E827A254D400BA381D /* libpixman-1.0.dylib in Frameworks */ = {isa = PBXBuildFile; fileRef = 802495CA27A254D400BA381D /* libpixman-1.0.dylib */; };
		802495E927A254D400BA381D /* libpangoft2-1.0.0.dylib in Frameworks */ = {isa = PBXBuildFile; fileRef = 802495CB27A254D400BA381D /* libpangoft2-1.0.0.dylib */; };
		802495EA27A254D400BA381D /* libXdmcp.6.dylib in Frameworks */ = {isa = PBXBuildFile; fileRef = 802495CC27A254D400BA381D /* libXdmcp.6.dylib */; };
		802495EB27A254D400BA381D /* libxcb.1.dylib in Frameworks */ = {isa = PBXBuildFile; fileRef = 802495CD27A254D400BA381D /* libxcb.1.dylib */; };
		802495EC27A254D400BA381D /* libintl.8.dylib in Frameworks */ = {isa = PBXBuildFile; fileRef = 802495CE27A254D400BA381D /* libintl.8.dylib */; };
		802495ED27A254D400BA381D /* libjpeg.9.dylib in Frameworks */ = {isa = PBXBuildFile; fileRef = 802495CF27A254D400BA381D /* libjpeg.9.dylib */; };
		802495EE27A254D400BA381D /* libharfbuzz.0.dylib in Frameworks */ = {isa = PBXBuildFile; fileRef = 802495D027A254D400BA381D /* libharfbuzz.0.dylib */; };
		802495EF27A254D400BA381D /* libgdk_pixbuf-2.0.0.dylib in Frameworks */ = {isa = PBXBuildFile; fileRef = 802495D127A254D400BA381D /* libgdk_pixbuf-2.0.0.dylib */; };
		OBJ_19 /* librsvg.swift in Sources */ = {isa = PBXBuildFile; fileRef = OBJ_9 /* librsvg.swift */; };
		OBJ_26 /* Package.swift in Sources */ = {isa = PBXBuildFile; fileRef = OBJ_6 /* Package.swift */; };
/* End PBXBuildFile section */

/* Begin PBXFileReference section */
		802495B427A254D400BA381D /* libxcb-render.0.dylib */ = {isa = PBXFileReference; lastKnownFileType = "compiled.mach-o.dylib"; name = "libxcb-render.0.dylib"; path = "Sources/librsvg/Libraries/ARM/libxcb-render.0.dylib"; sourceTree = "<group>"; };
		802495B527A254D400BA381D /* libXau.6.dylib */ = {isa = PBXFileReference; lastKnownFileType = "compiled.mach-o.dylib"; name = libXau.6.dylib; path = Sources/librsvg/Libraries/ARM/libXau.6.dylib; sourceTree = "<group>"; };
		802495B627A254D400BA381D /* libfribidi.0.dylib */ = {isa = PBXFileReference; lastKnownFileType = "compiled.mach-o.dylib"; name = libfribidi.0.dylib; path = Sources/librsvg/Libraries/ARM/libfribidi.0.dylib; sourceTree = "<group>"; };
		802495B727A254D400BA381D /* librsvg-2.2.dylib */ = {isa = PBXFileReference; lastKnownFileType = "compiled.mach-o.dylib"; name = "librsvg-2.2.dylib"; path = "Sources/librsvg/Libraries/ARM/librsvg-2.2.dylib"; sourceTree = "<group>"; };
		802495B827A254D400BA381D /* libgobject-2.0.0.dylib */ = {isa = PBXFileReference; lastKnownFileType = "compiled.mach-o.dylib"; name = "libgobject-2.0.0.dylib"; path = "Sources/librsvg/Libraries/ARM/libgobject-2.0.0.dylib"; sourceTree = "<group>"; };
		802495B927A254D400BA381D /* libpcre.1.dylib */ = {isa = PBXFileReference; lastKnownFileType = "compiled.mach-o.dylib"; name = libpcre.1.dylib; path = Sources/librsvg/Libraries/ARM/libpcre.1.dylib; sourceTree = "<group>"; };
		802495BA27A254D400BA381D /* libpng16.16.dylib */ = {isa = PBXFileReference; lastKnownFileType = "compiled.mach-o.dylib"; name = libpng16.16.dylib; path = Sources/librsvg/Libraries/ARM/libpng16.16.dylib; sourceTree = "<group>"; };
		802495BB27A254D400BA381D /* libxcb-shm.0.dylib */ = {isa = PBXFileReference; lastKnownFileType = "compiled.mach-o.dylib"; name = "libxcb-shm.0.dylib"; path = "Sources/librsvg/Libraries/ARM/libxcb-shm.0.dylib"; sourceTree = "<group>"; };
		802495BC27A254D400BA381D /* libXext.6.dylib */ = {isa = PBXFileReference; lastKnownFileType = "compiled.mach-o.dylib"; name = libXext.6.dylib; path = Sources/librsvg/Libraries/ARM/libXext.6.dylib; sourceTree = "<group>"; };
		802495BD27A254D400BA381D /* libcairo.2.dylib */ = {isa = PBXFileReference; lastKnownFileType = "compiled.mach-o.dylib"; name = libcairo.2.dylib; path = Sources/librsvg/Libraries/ARM/libcairo.2.dylib; sourceTree = "<group>"; };
		802495BE27A254D400BA381D /* libpango-1.0.0.dylib */ = {isa = PBXFileReference; lastKnownFileType = "compiled.mach-o.dylib"; name = "libpango-1.0.0.dylib"; path = "Sources/librsvg/Libraries/ARM/libpango-1.0.0.dylib"; sourceTree = "<group>"; };
		802495BF27A254D400BA381D /* libfreetype.6.dylib */ = {isa = PBXFileReference; lastKnownFileType = "compiled.mach-o.dylib"; name = libfreetype.6.dylib; path = Sources/librsvg/Libraries/ARM/libfreetype.6.dylib; sourceTree = "<group>"; };
		802495C027A254D400BA381D /* libfontconfig.1.dylib */ = {isa = PBXFileReference; lastKnownFileType = "compiled.mach-o.dylib"; name = libfontconfig.1.dylib; path = Sources/librsvg/Libraries/ARM/libfontconfig.1.dylib; sourceTree = "<group>"; };
		802495C127A254D400BA381D /* libgmodule-2.0.0.dylib */ = {isa = PBXFileReference; lastKnownFileType = "compiled.mach-o.dylib"; name = "libgmodule-2.0.0.dylib"; path = "Sources/librsvg/Libraries/ARM/libgmodule-2.0.0.dylib"; sourceTree = "<group>"; };
		802495C227A254D400BA381D /* libXrender.1.dylib */ = {isa = PBXFileReference; lastKnownFileType = "compiled.mach-o.dylib"; name = libXrender.1.dylib; path = Sources/librsvg/Libraries/ARM/libXrender.1.dylib; sourceTree = "<group>"; };
		802495C327A254D400BA381D /* libpangocairo-1.0.0.dylib */ = {isa = PBXFileReference; lastKnownFileType = "compiled.mach-o.dylib"; name = "libpangocairo-1.0.0.dylib"; path = "Sources/librsvg/Libraries/ARM/libpangocairo-1.0.0.dylib"; sourceTree = "<group>"; };
		802495C427A254D400BA381D /* libgraphite2.3.dylib */ = {isa = PBXFileReference; lastKnownFileType = "compiled.mach-o.dylib"; name = libgraphite2.3.dylib; path = Sources/librsvg/Libraries/ARM/libgraphite2.3.dylib; sourceTree = "<group>"; };
		802495C527A254D400BA381D /* libgio-2.0.0.dylib */ = {isa = PBXFileReference; lastKnownFileType = "compiled.mach-o.dylib"; name = "libgio-2.0.0.dylib"; path = "Sources/librsvg/Libraries/ARM/libgio-2.0.0.dylib"; sourceTree = "<group>"; };
		802495C627A254D400BA381D /* libffi.8.dylib */ = {isa = PBXFileReference; lastKnownFileType = "compiled.mach-o.dylib"; name = libffi.8.dylib; path = Sources/librsvg/Libraries/ARM/libffi.8.dylib; sourceTree = "<group>"; };
		802495C727A254D400BA381D /* libcairo-gobject.2.dylib */ = {isa = PBXFileReference; lastKnownFileType = "compiled.mach-o.dylib"; name = "libcairo-gobject.2.dylib"; path = "Sources/librsvg/Libraries/ARM/libcairo-gobject.2.dylib"; sourceTree = "<group>"; };
		802495C827A254D400BA381D /* libX11.6.dylib */ = {isa = PBXFileReference; lastKnownFileType = "compiled.mach-o.dylib"; name = libX11.6.dylib; path = Sources/librsvg/Libraries/ARM/libX11.6.dylib; sourceTree = "<group>"; };
		802495C927A254D400BA381D /* libglib-2.0.0.dylib */ = {isa = PBXFileReference; lastKnownFileType = "compiled.mach-o.dylib"; name = "libglib-2.0.0.dylib"; path = "Sources/librsvg/Libraries/ARM/libglib-2.0.0.dylib"; sourceTree = "<group>"; };
		802495CA27A254D400BA381D /* libpixman-1.0.dylib */ = {isa = PBXFileReference; lastKnownFileType = "compiled.mach-o.dylib"; name = "libpixman-1.0.dylib"; path = "Sources/librsvg/Libraries/ARM/libpixman-1.0.dylib"; sourceTree = "<group>"; };
		802495CB27A254D400BA381D /* libpangoft2-1.0.0.dylib */ = {isa = PBXFileReference; lastKnownFileType = "compiled.mach-o.dylib"; name = "libpangoft2-1.0.0.dylib"; path = "Sources/librsvg/Libraries/ARM/libpangoft2-1.0.0.dylib"; sourceTree = "<group>"; };
		802495CC27A254D400BA381D /* libXdmcp.6.dylib */ = {isa = PBXFileReference; lastKnownFileType = "compiled.mach-o.dylib"; name = libXdmcp.6.dylib; path = Sources/librsvg/Libraries/ARM/libXdmcp.6.dylib; sourceTree = "<group>"; };
		802495CD27A254D400BA381D /* libxcb.1.dylib */ = {isa = PBXFileReference; lastKnownFileType = "compiled.mach-o.dylib"; name = libxcb.1.dylib; path = Sources/librsvg/Libraries/ARM/libxcb.1.dylib; sourceTree = "<group>"; };
		802495CE27A254D400BA381D /* libintl.8.dylib */ = {isa = PBXFileReference; lastKnownFileType = "compiled.mach-o.dylib"; name = libintl.8.dylib; path = Sources/librsvg/Libraries/ARM/libintl.8.dylib; sourceTree = "<group>"; };
		802495CF27A254D400BA381D /* libjpeg.9.dylib */ = {isa = PBXFileReference; lastKnownFileType = "compiled.mach-o.dylib"; name = libjpeg.9.dylib; path = Sources/librsvg/Libraries/ARM/libjpeg.9.dylib; sourceTree = "<group>"; };
		802495D027A254D400BA381D /* libharfbuzz.0.dylib */ = {isa = PBXFileReference; lastKnownFileType = "compiled.mach-o.dylib"; name = libharfbuzz.0.dylib; path = Sources/librsvg/Libraries/ARM/libharfbuzz.0.dylib; sourceTree = "<group>"; };
		802495D127A254D400BA381D /* libgdk_pixbuf-2.0.0.dylib */ = {isa = PBXFileReference; lastKnownFileType = "compiled.mach-o.dylib"; name = "libgdk_pixbuf-2.0.0.dylib"; path = "Sources/librsvg/Libraries/ARM/libgdk_pixbuf-2.0.0.dylib"; sourceTree = "<group>"; };
		OBJ_13 /* README.md */ = {isa = PBXFileReference; lastKnownFileType = net.daringfireball.markdown; path = README.md; sourceTree = "<group>"; };
		OBJ_6 /* Package.swift */ = {isa = PBXFileReference; explicitFileType = sourcecode.swift; path = Package.swift; sourceTree = "<group>"; };
		OBJ_9 /* librsvg.swift */ = {isa = PBXFileReference; lastKnownFileType = sourcecode.swift; path = librsvg.swift; sourceTree = "<group>"; };
		"librsvg::librsvg::Product" /* librsvg.framework */ = {isa = PBXFileReference; explicitFileType = wrapper.framework; path = librsvg.framework; sourceTree = BUILT_PRODUCTS_DIR; };
/* End PBXFileReference section */

/* Begin PBXFrameworksBuildPhase section */
		OBJ_20 /* Frameworks */ = {
			isa = PBXFrameworksBuildPhase;
			buildActionMask = 0;
			files = (
				802495D227A254D400BA381D /* libxcb-render.0.dylib in Frameworks */,
				802495D327A254D400BA381D /* libXau.6.dylib in Frameworks */,
				802495D427A254D400BA381D /* libfribidi.0.dylib in Frameworks */,
				802495D527A254D400BA381D /* librsvg-2.2.dylib in Frameworks */,
				802495D627A254D400BA381D /* libgobject-2.0.0.dylib in Frameworks */,
				802495D727A254D400BA381D /* libpcre.1.dylib in Frameworks */,
				802495D827A254D400BA381D /* libpng16.16.dylib in Frameworks */,
				802495D927A254D400BA381D /* libxcb-shm.0.dylib in Frameworks */,
				802495DA27A254D400BA381D /* libXext.6.dylib in Frameworks */,
				802495DB27A254D400BA381D /* libcairo.2.dylib in Frameworks */,
				802495DC27A254D400BA381D /* libpango-1.0.0.dylib in Frameworks */,
				802495DD27A254D400BA381D /* libfreetype.6.dylib in Frameworks */,
				802495DE27A254D400BA381D /* libfontconfig.1.dylib in Frameworks */,
				802495DF27A254D400BA381D /* libgmodule-2.0.0.dylib in Frameworks */,
				802495E027A254D400BA381D /* libXrender.1.dylib in Frameworks */,
				802495E127A254D400BA381D /* libpangocairo-1.0.0.dylib in Frameworks */,
				802495E227A254D400BA381D /* libgraphite2.3.dylib in Frameworks */,
				802495E327A254D400BA381D /* libgio-2.0.0.dylib in Frameworks */,
				802495E427A254D400BA381D /* libffi.8.dylib in Frameworks */,
				802495E527A254D400BA381D /* libcairo-gobject.2.dylib in Frameworks */,
				802495E627A254D400BA381D /* libX11.6.dylib in Frameworks */,
				802495E727A254D400BA381D /* libglib-2.0.0.dylib in Frameworks */,
				802495E827A254D400BA381D /* libpixman-1.0.dylib in Frameworks */,
				802495E927A254D400BA381D /* libpangoft2-1.0.0.dylib in Frameworks */,
				802495EA27A254D400BA381D /* libXdmcp.6.dylib in Frameworks */,
				802495EB27A254D400BA381D /* libxcb.1.dylib in Frameworks */,
				802495EC27A254D400BA381D /* libintl.8.dylib in Frameworks */,
				802495ED27A254D400BA381D /* libjpeg.9.dylib in Frameworks */,
				802495EE27A254D400BA381D /* libharfbuzz.0.dylib in Frameworks */,
				802495EF27A254D400BA381D /* libgdk_pixbuf-2.0.0.dylib in Frameworks */,
			);
			runOnlyForDeploymentPostprocessing = 0;
		};
/* End PBXFrameworksBuildPhase section */

/* Begin PBXGroup section */
		802495B327A254D400BA381D /* Frameworks */ = {
			isa = PBXGroup;
			children = (
				802495C727A254D400BA381D /* libcairo-gobject.2.dylib */,
				802495BD27A254D400BA381D /* libcairo.2.dylib */,
				802495C627A254D400BA381D /* libffi.8.dylib */,
				802495C027A254D400BA381D /* libfontconfig.1.dylib */,
				802495BF27A254D400BA381D /* libfreetype.6.dylib */,
				802495B627A254D400BA381D /* libfribidi.0.dylib */,
				802495D127A254D400BA381D /* libgdk_pixbuf-2.0.0.dylib */,
				802495C527A254D400BA381D /* libgio-2.0.0.dylib */,
				802495C927A254D400BA381D /* libglib-2.0.0.dylib */,
				802495C127A254D400BA381D /* libgmodule-2.0.0.dylib */,
				802495B827A254D400BA381D /* libgobject-2.0.0.dylib */,
				802495C427A254D400BA381D /* libgraphite2.3.dylib */,
				802495D027A254D400BA381D /* libharfbuzz.0.dylib */,
				802495CE27A254D400BA381D /* libintl.8.dylib */,
				802495CF27A254D400BA381D /* libjpeg.9.dylib */,
				802495BE27A254D400BA381D /* libpango-1.0.0.dylib */,
				802495C327A254D400BA381D /* libpangocairo-1.0.0.dylib */,
				802495CB27A254D400BA381D /* libpangoft2-1.0.0.dylib */,
				802495B927A254D400BA381D /* libpcre.1.dylib */,
				802495CA27A254D400BA381D /* libpixman-1.0.dylib */,
				802495BA27A254D400BA381D /* libpng16.16.dylib */,
				802495B727A254D400BA381D /* librsvg-2.2.dylib */,
				802495C827A254D400BA381D /* libX11.6.dylib */,
				802495B527A254D400BA381D /* libXau.6.dylib */,
				802495B427A254D400BA381D /* libxcb-render.0.dylib */,
				802495BB27A254D400BA381D /* libxcb-shm.0.dylib */,
				802495CD27A254D400BA381D /* libxcb.1.dylib */,
				802495CC27A254D400BA381D /* libXdmcp.6.dylib */,
				802495BC27A254D400BA381D /* libXext.6.dylib */,
				802495C227A254D400BA381D /* libXrender.1.dylib */,
			);
			name = Frameworks;
			sourceTree = "<group>";
		};
		OBJ_10 /* Tests */ = {
			isa = PBXGroup;
			children = (
			);
			name = Tests;
			sourceTree = SOURCE_ROOT;
		};
		OBJ_11 /* Products */ = {
			isa = PBXGroup;
			children = (
				"librsvg::librsvg::Product" /* librsvg.framework */,
			);
			name = Products;
			sourceTree = BUILT_PRODUCTS_DIR;
		};
		OBJ_5 = {
			isa = PBXGroup;
			children = (
				OBJ_6 /* Package.swift */,
				OBJ_7 /* Sources */,
				OBJ_10 /* Tests */,
				OBJ_11 /* Products */,
				OBJ_13 /* README.md */,
				802495B327A254D400BA381D /* Frameworks */,
			);
			sourceTree = "<group>";
		};
		OBJ_7 /* Sources */ = {
			isa = PBXGroup;
			children = (
				OBJ_8 /* librsvg */,
			);
			name = Sources;
			sourceTree = SOURCE_ROOT;
		};
		OBJ_8 /* librsvg */ = {
			isa = PBXGroup;
			children = (
				OBJ_9 /* librsvg.swift */,
			);
			name = librsvg;
			path = Sources/librsvg;
			sourceTree = SOURCE_ROOT;
		};
/* End PBXGroup section */

/* Begin PBXNativeTarget section */
		"librsvg::SwiftPMPackageDescription" /* librsvgPackageDescription */ = {
			isa = PBXNativeTarget;
			buildConfigurationList = OBJ_22 /* Build configuration list for PBXNativeTarget "librsvgPackageDescription" */;
			buildPhases = (
				OBJ_25 /* Sources */,
			);
			buildRules = (
			);
			dependencies = (
			);
			name = librsvgPackageDescription;
			productName = librsvgPackageDescription;
			productType = "com.apple.product-type.framework";
		};
		"librsvg::librsvg" /* librsvg */ = {
			isa = PBXNativeTarget;
			buildConfigurationList = OBJ_15 /* Build configuration list for PBXNativeTarget "librsvg" */;
			buildPhases = (
				OBJ_18 /* Sources */,
				OBJ_20 /* Frameworks */,
			);
			buildRules = (
			);
			dependencies = (
			);
			name = librsvg;
			productName = librsvg;
			productReference = "librsvg::librsvg::Product" /* librsvg.framework */;
			productType = "com.apple.product-type.framework";
		};
/* End PBXNativeTarget section */

/* Begin PBXProject section */
		OBJ_1 /* Project object */ = {
			isa = PBXProject;
			attributes = {
				LastSwiftMigration = 9999;
				LastUpgradeCheck = 9999;
			};
			buildConfigurationList = OBJ_2 /* Build configuration list for PBXProject "librsvg" */;
			compatibilityVersion = "Xcode 3.2";
			developmentRegion = en;
			hasScannedForEncodings = 0;
			knownRegions = (
				en,
			);
			mainGroup = OBJ_5;
			productRefGroup = OBJ_11 /* Products */;
			projectDirPath = "";
			projectRoot = "";
			targets = (
				"librsvg::librsvg" /* librsvg */,
				"librsvg::SwiftPMPackageDescription" /* librsvgPackageDescription */,
			);
		};
/* End PBXProject section */

/* Begin PBXSourcesBuildPhase section */
		OBJ_18 /* Sources */ = {
			isa = PBXSourcesBuildPhase;
			buildActionMask = 0;
			files = (
				OBJ_19 /* librsvg.swift in Sources */,
			);
			runOnlyForDeploymentPostprocessing = 0;
		};
		OBJ_25 /* Sources */ = {
			isa = PBXSourcesBuildPhase;
			buildActionMask = 0;
			files = (
				OBJ_26 /* Package.swift in Sources */,
			);
			runOnlyForDeploymentPostprocessing = 0;
		};
/* End PBXSourcesBuildPhase section */

/* Begin XCBuildConfiguration section */
		OBJ_16 /* Debug */ = {
			isa = XCBuildConfiguration;
			buildSettings = {
				CURRENT_PROJECT_VERSION = 1;
				DRIVERKIT_DEPLOYMENT_TARGET = 19.0;
				ENABLE_TESTABILITY = YES;
				EXCLUDED_ARCHS = x86_64;
				FRAMEWORK_SEARCH_PATHS = (
					"$(inherited)",
					"$(PLATFORM_DIR)/Developer/Library/Frameworks",
				);
				HEADER_SEARCH_PATHS = (
					"$(inherited)",
					cairo,
					"gdk-pixbuf",
					glib,
					"glib-2.0",
					librsvg,
				);
				INFOPLIST_FILE = librsvg.xcodeproj/librsvg_Info.plist;
				IPHONEOS_DEPLOYMENT_TARGET = 9.0;
				LD_RUNPATH_SEARCH_PATHS = "$(inherited) $(TOOLCHAIN_DIR)/usr/lib/swift/macosx";
				LIBRARY_SEARCH_PATHS = (
					"$(inherited)",
					"$(PROJECT_DIR)/Sources/librsvg/Libraries/ARM",
				);
				MACOSX_DEPLOYMENT_TARGET = 11.0;
				OTHER_CFLAGS = "$(inherited)";
				OTHER_LDFLAGS = "$(inherited)";
				OTHER_SWIFT_FLAGS = "$(inherited)";
				PRODUCT_BUNDLE_IDENTIFIER = librsvg;
				PRODUCT_MODULE_NAME = "$(TARGET_NAME:c99extidentifier)";
				PRODUCT_NAME = "$(TARGET_NAME:c99extidentifier)";
				SKIP_INSTALL = YES;
				SWIFT_ACTIVE_COMPILATION_CONDITIONS = "$(inherited)";
				SWIFT_VERSION = 5.0;
				TARGET_NAME = librsvg;
				TVOS_DEPLOYMENT_TARGET = 9.0;
				WATCHOS_DEPLOYMENT_TARGET = 2.0;
			};
			name = Debug;
		};
		OBJ_17 /* Release */ = {
			isa = XCBuildConfiguration;
			buildSettings = {
				CURRENT_PROJECT_VERSION = 1;
				DRIVERKIT_DEPLOYMENT_TARGET = 19.0;
				ENABLE_TESTABILITY = YES;
				EXCLUDED_ARCHS = x86_64;
				FRAMEWORK_SEARCH_PATHS = (
					"$(inherited)",
					"$(PLATFORM_DIR)/Developer/Library/Frameworks",
				);
				HEADER_SEARCH_PATHS = (
					"$(inherited)",
					cairo,
					"gdk-pixbuf",
					glib,
					"glib-2.0",
					librsvg,
				);
				INFOPLIST_FILE = librsvg.xcodeproj/librsvg_Info.plist;
				IPHONEOS_DEPLOYMENT_TARGET = 9.0;
				LD_RUNPATH_SEARCH_PATHS = "$(inherited) $(TOOLCHAIN_DIR)/usr/lib/swift/macosx";
				LIBRARY_SEARCH_PATHS = (
					"$(inherited)",
					"$(PROJECT_DIR)/Sources/librsvg/Libraries/ARM",
				);
				MACOSX_DEPLOYMENT_TARGET = 11.0;
				OTHER_CFLAGS = "$(inherited)";
				OTHER_LDFLAGS = "$(inherited)";
				OTHER_SWIFT_FLAGS = "$(inherited)";
				PRODUCT_BUNDLE_IDENTIFIER = librsvg;
				PRODUCT_MODULE_NAME = "$(TARGET_NAME:c99extidentifier)";
				PRODUCT_NAME = "$(TARGET_NAME:c99extidentifier)";
				SKIP_INSTALL = YES;
				SWIFT_ACTIVE_COMPILATION_CONDITIONS = "$(inherited)";
				SWIFT_VERSION = 5.0;
				TARGET_NAME = librsvg;
				TVOS_DEPLOYMENT_TARGET = 9.0;
				WATCHOS_DEPLOYMENT_TARGET = 2.0;
			};
			name = Release;
		};
		OBJ_23 /* Debug */ = {
			isa = XCBuildConfiguration;
			buildSettings = {
				EXCLUDED_ARCHS = x86_64;
				LD = /usr/bin/true;
				OTHER_SWIFT_FLAGS = "-swift-version 5 -I $(TOOLCHAIN_DIR)/usr/lib/swift/pm/ManifestAPI -sdk /Applications/Xcode.app/Contents/Developer/Platforms/MacOSX.platform/Developer/SDKs/MacOSX12.1.sdk -package-description-version 5.5.0";
				SWIFT_VERSION = 5.0;
			};
			name = Debug;
		};
		OBJ_24 /* Release */ = {
			isa = XCBuildConfiguration;
			buildSettings = {
				EXCLUDED_ARCHS = x86_64;
				LD = /usr/bin/true;
				OTHER_SWIFT_FLAGS = "-swift-version 5 -I $(TOOLCHAIN_DIR)/usr/lib/swift/pm/ManifestAPI -sdk /Applications/Xcode.app/Contents/Developer/Platforms/MacOSX.platform/Developer/SDKs/MacOSX12.1.sdk -package-description-version 5.5.0";
				SWIFT_VERSION = 5.0;
			};
			name = Release;
		};
		OBJ_3 /* Debug */ = {
			isa = XCBuildConfiguration;
			buildSettings = {
				CLANG_ENABLE_OBJC_ARC = YES;
				COMBINE_HIDPI_IMAGES = YES;
				COPY_PHASE_STRIP = NO;
				DEBUG_INFORMATION_FORMAT = dwarf;
				DYLIB_INSTALL_NAME_BASE = "@rpath";
				ENABLE_NS_ASSERTIONS = YES;
				GCC_OPTIMIZATION_LEVEL = 0;
				GCC_PREPROCESSOR_DEFINITIONS = (
					"$(inherited)",
					"SWIFT_PACKAGE=1",
					"DEBUG=1",
				);
				MACOSX_DEPLOYMENT_TARGET = 10.10;
				ONLY_ACTIVE_ARCH = YES;
				OTHER_SWIFT_FLAGS = "$(inherited) -DXcode";
				PRODUCT_NAME = "$(TARGET_NAME)";
				SDKROOT = macosx;
				SUPPORTED_PLATFORMS = "$(AVAILABLE_PLATFORMS)";
				SUPPORTS_MACCATALYST = YES;
				SWIFT_ACTIVE_COMPILATION_CONDITIONS = "$(inherited) SWIFT_PACKAGE DEBUG";
				SWIFT_OPTIMIZATION_LEVEL = "-Onone";
				USE_HEADERMAP = NO;
			};
			name = Debug;
		};
		OBJ_4 /* Release */ = {
			isa = XCBuildConfiguration;
			buildSettings = {
				CLANG_ENABLE_OBJC_ARC = YES;
				COMBINE_HIDPI_IMAGES = YES;
				COPY_PHASE_STRIP = YES;
				DEBUG_INFORMATION_FORMAT = "dwarf-with-dsym";
				DYLIB_INSTALL_NAME_BASE = "@rpath";
				GCC_OPTIMIZATION_LEVEL = s;
				GCC_PREPROCESSOR_DEFINITIONS = (
					"$(inherited)",
					"SWIFT_PACKAGE=1",
				);
				MACOSX_DEPLOYMENT_TARGET = 10.10;
				OTHER_SWIFT_FLAGS = "$(inherited) -DXcode";
				PRODUCT_NAME = "$(TARGET_NAME)";
				SDKROOT = macosx;
				SUPPORTED_PLATFORMS = "$(AVAILABLE_PLATFORMS)";
				SUPPORTS_MACCATALYST = YES;
				SWIFT_ACTIVE_COMPILATION_CONDITIONS = "$(inherited) SWIFT_PACKAGE";
				SWIFT_OPTIMIZATION_LEVEL = "-Owholemodule";
				USE_HEADERMAP = NO;
			};
			name = Release;
		};
/* End XCBuildConfiguration section */

/* Begin XCConfigurationList section */
		OBJ_15 /* Build configuration list for PBXNativeTarget "librsvg" */ = {
			isa = XCConfigurationList;
			buildConfigurations = (
				OBJ_16 /* Debug */,
				OBJ_17 /* Release */,
			);
			defaultConfigurationIsVisible = 0;
			defaultConfigurationName = Release;
		};
		OBJ_2 /* Build configuration list for PBXProject "librsvg" */ = {
			isa = XCConfigurationList;
			buildConfigurations = (
				OBJ_3 /* Debug */,
				OBJ_4 /* Release */,
			);
			defaultConfigurationIsVisible = 0;
			defaultConfigurationName = Release;
		};
		OBJ_22 /* Build configuration list for PBXNativeTarget "librsvgPackageDescription" */ = {
			isa = XCConfigurationList;
			buildConfigurations = (
				OBJ_23 /* Debug */,
				OBJ_24 /* Release */,
			);
			defaultConfigurationIsVisible = 0;
			defaultConfigurationName = Release;
		};
/* End XCConfigurationList section */
	};
	rootObject = OBJ_1 /* Project object */;
}
